
Microsoft Visual Studio Solution File, Format Version 12.00
# Visual Studio Version 17
VisualStudioVersion = 17.7.34031.279
MinimumVisualStudioVersion = 10.0.40219.1
Project("{FAE04EC0-301F-11D3-BF4B-00C04F79EFBC}") = "Apunts Fon.Prog.1", "Apunts Fon.Prog.1\Apunts Fon.Prog.1.csproj", "{28B0F3FB-A4A4-4B73-B23C-73C0BC9C9915}"
EndProject
Project("{FAE04EC0-301F-11D3-BF4B-00C04F79EFBC}") = "ConsoleApp1", "ConsoleApp1\ConsoleApp1.csproj", "{E79B7A0F-A306-4834-ADC6-7FA1E8AE975F}"
EndProject
Project("{FAE04EC0-301F-11D3-BF4B-00C04F79EFBC}") = "ConsoleApp2", "ConsoleApp2\ConsoleApp2.csproj", "{7B41DF73-9E1E-4749-8C34-DF36112FAD50}"
EndProject
Project("{FAE04EC0-301F-11D3-BF4B-00C04F79EFBC}") = "ConsoleApp3", "ConsoleApp3\ConsoleApp3.csproj", "{A54B0FEF-6FC8-49B4-9752-46E042C37D3C}"
EndProject
Global
	GlobalSection(SolutionConfigurationPlatforms) = preSolution
		Debug|Any CPU = Debug|Any CPU
		Release|Any CPU = Release|Any CPU
	EndGlobalSection
	GlobalSection(ProjectConfigurationPlatforms) = postSolution
		{28B0F3FB-A4A4-4B73-B23C-73C0BC9C9915}.Debug|Any CPU.ActiveCfg = Debug|Any CPU
		{28B0F3FB-A4A4-4B73-B23C-73C0BC9C9915}.Debug|Any CPU.Build.0 = Debug|Any CPU
		{28B0F3FB-A4A4-4B73-B23C-73C0BC9C9915}.Release|Any CPU.ActiveCfg = Release|Any CPU
		{28B0F3FB-A4A4-4B73-B23C-73C0BC9C9915}.Release|Any CPU.Build.0 = Release|Any CPU
		{E79B7A0F-A306-4834-ADC6-7FA1E8AE975F}.Debug|Any CPU.ActiveCfg = Debug|Any CPU
		{E79B7A0F-A306-4834-ADC6-7FA1E8AE975F}.Debug|Any CPU.Build.0 = Debug|Any CPU
		{E79B7A0F-A306-4834-ADC6-7FA1E8AE975F}.Release|Any CPU.ActiveCfg = Release|Any CPU
		{E79B7A0F-A306-4834-ADC6-7FA1E8AE975F}.Release|Any CPU.Build.0 = Release|Any CPU
		{7B41DF73-9E1E-4749-8C34-DF36112FAD50}.Debug|Any CPU.ActiveCfg = Debug|Any CPU
		{7B41DF73-9E1E-4749-8C34-DF36112FAD50}.Debug|Any CPU.Build.0 = Debug|Any CPU
		{7B41DF73-9E1E-4749-8C34-DF36112FAD50}.Release|Any CPU.ActiveCfg = Release|Any CPU
		{7B41DF73-9E1E-4749-8C34-DF36112FAD50}.Release|Any CPU.Build.0 = Release|Any CPU
		{A54B0FEF-6FC8-49B4-9752-46E042C37D3C}.Debug|Any CPU.ActiveCfg = Debug|Any CPU
		{A54B0FEF-6FC8-49B4-9752-46E042C37D3C}.Debug|Any CPU.Build.0 = Debug|Any CPU
		{A54B0FEF-6FC8-49B4-9752-46E042C37D3C}.Release|Any CPU.ActiveCfg = Release|Any CPU
		{A54B0FEF-6FC8-49B4-9752-46E042C37D3C}.Release|Any CPU.Build.0 = Release|Any CPU
	EndGlobalSection
	GlobalSection(SolutionProperties) = preSolution
		HideSolutionNode = FALSE
	EndGlobalSection
	GlobalSection(ExtensibilityGlobals) = postSolution
		SolutionGuid = {DBDA75BB-62CE-4544-B726-C89005CC4E56}
	EndGlobalSection
EndGlobal
